{
  "name": "opencode",
  "lockfileVersion": 3,
  "requires": true,
  "packages": {
    "": {
      "dependencies": {
        "@opencode-ai/plugin": "1.2.4",
        "opencode-rate-limit-fallback": "^0.3.1"
      }
    },
    "node_modules/@opencode-ai/plugin": {
      "version": "1.2.4",
      "license": "MIT",
      "dependencies": {
        "@opencode-ai/sdk": "1.2.4",
        "zod": "4.1.8"
      }
    },
    "node_modules/@opencode-ai/sdk": {
      "version": "1.2.4",
      "license": "MIT"
    },
    "node_modules/opencode-rate-limit-fallback": {
      "version": "0.3.1",
      "resolved": "https://registry.npmjs.org/opencode-rate-limit-fallback/-/opencode-rate-limit-fallback-0.3.1.tgz",
      "integrity": "sha512-NFsx3rHTjL/cMkx3IJf+QZ/8v49CPHIip4HHsHAzO8AbmcLkbTGh/c46ROYN9E0gnDxHGxoD2IRoNc+pBE1nAQ==",
      "license": "MIT",
      "peerDependencies": {
        "@opencode-ai/plugin": ">=1.0.0"
      }
    },
    "node_modules/zod": {
      "version": "4.1.8",
      "license": "MIT",
      "funding": {
        "url": "https://github.com/sponsors/colinhacks"
      }
    }
  }
}
